{
  "version": 4,
  "terraform_version": "1.13.4",
  "serial": 10,
  "lineage": "32783af8-3cc7-9cf8-8be5-03c6db2078a7",
  "outputs": {
    "subnet_id": {
      "value": "subnet-06f7d33fbc3904425",
      "type": "string"
    },
    "vpc_id": {
      "value": "vpc-024196e9a21f0dd75",
      "type": "string"
    }
  },
  "resources": [
    {
      "mode": "managed",
      "type": "aws_internet_gateway",
      "name": "igw",
      "provider": "provider[\"registry.terraform.io/hashicorp/aws\"]",
      "instances": [
        {
          "schema_version": 0,
          "attributes": {
            "arn": "arn:aws:ec2:ap-south-1:652132383210:internet-gateway/igw-04d12ff90965d4bf7",
            "id": "igw-04d12ff90965d4bf7",
            "owner_id": "652132383210",
            "region": "ap-south-1",
            "tags": {
              "Name": "mini-project-igw"
            },
            "tags_all": {
              "Name": "mini-project-igw"
            },
            "timeouts": null,
            "vpc_id": "vpc-024196e9a21f0dd75"
          },
          "sensitive_attributes": [],
          "identity_schema_version": 0,
          "private": "eyJlMmJmYjczMC1lY2FhLTExZTYtOGY4OC0zNDM2M2JjN2M0YzAiOnsiY3JlYXRlIjoxMjAwMDAwMDAwMDAwLCJkZWxldGUiOjEyMDAwMDAwMDAwMDAsInVwZGF0ZSI6MTIwMDAwMDAwMDAwMH19",
          "dependencies": [
            "aws_vpc.main_vpc"
          ]
        }
      ]
    },
    {
      "mode": "managed",
      "type": "aws_key_pair",
      "name": "demo_key",
      "provider": "provider[\"registry.terraform.io/hashicorp/aws\"]",
      "instances": [
        {
          "schema_version": 1,
          "attributes": {
            "arn": "arn:aws:ec2:ap-south-1:652132383210:key-pair/mini-project-key",
            "fingerprint": "18:a1:ac:05:2b:e5:ec:69:c8:b1:23:e4:fb:84:40:57",
            "id": "mini-project-key",
            "key_name": "mini-project-key",
            "key_name_prefix": "",
            "key_pair_id": "key-01a67380a0a579c32",
            "key_type": "rsa",
            "public_key": "ssh-rsa AAAAB3NzaC1yc2EAAAADAQABAAACAQC0uXrQIs+j1lcwBeDX2GjzatpkG/RKjiA+FWTRPpoAKH5m2E8fV7sM5Ol875T28wkbDiRRmptxZk+OafKWOBqA7k6xrASq/wM/hFJpyg0IesaVafut8t1f0+BvSkaM1N/LaEuK1sFm9SLv90YUcOnl/OVSbOHfuFb4b7u08k8ccmfqdzjlIaCowjQ2md+cuhmmmtNkB0zm4w73Hw7Idd42sbfvbKqO61NOVIuF1zVL9j6zoxEQcDexAaLPxWpKBVVoEwzku3Ix6xOWcNB0TavpZzlwFGpIcCtsk35ZEl1n6G6J++CS1YlalilvYQfrlMv2opWiv1CTPbZxJ2lCgtYuhXkRJV6UAjLUDDcMKoAGzvj4NLbQdvMT3NhmT/iua3l3xHCZWdOW98cXN0g2viZ8C5nY8Cd2QNtbtkbYWLKB3VD3KfV0BhWBwMukXgUSWPwujuuFaXQth+udSvWrPAXuj68H3KL+KG/jyJA22NlPmIaqp9pQW9Fc2VnEKAn4TW9/FCIy9MVMPh0mk+qW/BrtOozR1/4MPfPhcN8nW+HZiXhspEJkgW1tZhN5MpWhrQ6NkiXsh2TC60Yt8eRwC26WEzjOMUBnyl14kqeD+8dT7w+1mz6YCbwRdrvTvcF+wFSB9VrmQx8ULUEZm4BrtM8GHMteOZvagmmwpWvdpul+AQ== dpava@Pavan",
            "region": "ap-south-1",
            "tags": null,
            "tags_all": {}
          },
          "sensitive_attributes": [],
          "identity_schema_version": 0,
          "private": "eyJzY2hlbWFfdmVyc2lvbiI6IjEifQ=="
        }
      ]
    },
    {
      "mode": "managed",
      "type": "aws_route",
      "name": "internet_access",
      "provider": "provider[\"registry.terraform.io/hashicorp/aws\"]",
      "instances": [
        {
          "schema_version": 0,
          "attributes": {
            "carrier_gateway_id": "",
            "core_network_arn": "",
            "destination_cidr_block": "0.0.0.0/0",
            "destination_ipv6_cidr_block": "",
            "destination_prefix_list_id": "",
            "egress_only_gateway_id": "",
            "gateway_id": "igw-04d12ff90965d4bf7",
            "id": "r-rtb-08c0ef2cf58c0f81c1080289494",
            "instance_id": "",
            "instance_owner_id": "",
            "local_gateway_id": "",
            "nat_gateway_id": "",
            "network_interface_id": "",
            "origin": "CreateRoute",
            "region": "ap-south-1",
            "route_table_id": "rtb-08c0ef2cf58c0f81c",
            "state": "active",
            "timeouts": null,
            "transit_gateway_id": "",
            "vpc_endpoint_id": "",
            "vpc_peering_connection_id": ""
          },
          "sensitive_attributes": [],
          "identity_schema_version": 0,
          "identity": {
            "account_id": "652132383210",
            "destination_cidr_block": "0.0.0.0/0",
            "destination_ipv6_cidr_block": null,
            "destination_prefix_list_id": null,
            "region": "ap-south-1",
            "route_table_id": "rtb-08c0ef2cf58c0f81c"
          },
          "private": "eyJlMmJmYjczMC1lY2FhLTExZTYtOGY4OC0zNDM2M2JjN2M0YzAiOnsiY3JlYXRlIjozMDAwMDAwMDAwMDAsImRlbGV0ZSI6MzAwMDAwMDAwMDAwLCJ1cGRhdGUiOjEyMDAwMDAwMDAwMH19",
          "dependencies": [
            "aws_internet_gateway.igw",
            "aws_route_table.public_rt",
            "aws_vpc.main_vpc"
          ]
        }
      ]
    },
    {
      "mode": "managed",
      "type": "aws_route_table",
      "name": "public_rt",
      "provider": "provider[\"registry.terraform.io/hashicorp/aws\"]",
      "instances": [
        {
          "schema_version": 0,
          "attributes": {
            "arn": "arn:aws:ec2:ap-south-1:652132383210:route-table/rtb-08c0ef2cf58c0f81c",
            "id": "rtb-08c0ef2cf58c0f81c",
            "owner_id": "652132383210",
            "propagating_vgws": [],
            "region": "ap-south-1",
            "route": [],
            "tags": {
              "Name": "mini-project-public-rt"
            },
            "tags_all": {
              "Name": "mini-project-public-rt"
            },
            "timeouts": null,
            "vpc_id": "vpc-024196e9a21f0dd75"
          },
          "sensitive_attributes": [],
          "identity_schema_version": 0,
          "identity": {
            "account_id": "652132383210",
            "id": "rtb-08c0ef2cf58c0f81c",
            "region": "ap-south-1"
          },
          "private": "eyJlMmJmYjczMC1lY2FhLTExZTYtOGY4OC0zNDM2M2JjN2M0YzAiOnsiY3JlYXRlIjozMDAwMDAwMDAwMDAsImRlbGV0ZSI6MzAwMDAwMDAwMDAwLCJ1cGRhdGUiOjEyMDAwMDAwMDAwMH19",
          "dependencies": [
            "aws_vpc.main_vpc"
          ]
        }
      ]
    },
    {
      "mode": "managed",
      "type": "aws_route_table_association",
      "name": "public_subnet_assoc",
      "provider": "provider[\"registry.terraform.io/hashicorp/aws\"]",
      "instances": [
        {
          "schema_version": 0,
          "attributes": {
            "gateway_id": "",
            "id": "rtbassoc-05b45db7a99214ae1",
            "region": "ap-south-1",
            "route_table_id": "rtb-08c0ef2cf58c0f81c",
            "subnet_id": "subnet-06f7d33fbc3904425",
            "timeouts": null
          },
          "sensitive_attributes": [],
          "identity_schema_version": 0,
          "private": "eyJlMmJmYjczMC1lY2FhLTExZTYtOGY4OC0zNDM2M2JjN2M0YzAiOnsiY3JlYXRlIjozMDAwMDAwMDAwMDAsImRlbGV0ZSI6MzAwMDAwMDAwMDAwLCJ1cGRhdGUiOjEyMDAwMDAwMDAwMH19",
          "dependencies": [
            "aws_route_table.public_rt",
            "aws_subnet.public_subnet",
            "aws_vpc.main_vpc"
          ]
        }
      ]
    },
    {
      "mode": "managed",
      "type": "aws_security_group",
      "name": "web_sg",
      "provider": "provider[\"registry.terraform.io/hashicorp/aws\"]",
      "instances": [
        {
          "schema_version": 1,
          "attributes": {
            "arn": "arn:aws:ec2:ap-south-1:652132383210:security-group/sg-0fdf0c0ab84da509b",
            "description": "Allow SSH \u0026 HTTP",
            "egress": [
              {
                "cidr_blocks": [
                  "0.0.0.0/0"
                ],
                "description": "",
                "from_port": 0,
                "ipv6_cidr_blocks": [],
                "prefix_list_ids": [],
                "protocol": "-1",
                "security_groups": [],
                "self": false,
                "to_port": 0
              }
            ],
            "id": "sg-0fdf0c0ab84da509b",
            "ingress": [
              {
                "cidr_blocks": [
                  "0.0.0.0/0"
                ],
                "description": "",
                "from_port": 22,
                "ipv6_cidr_blocks": [],
                "prefix_list_ids": [],
                "protocol": "tcp",
                "security_groups": [],
                "self": false,
                "to_port": 22
              },
              {
                "cidr_blocks": [
                  "0.0.0.0/0"
                ],
                "description": "",
                "from_port": 8080,
                "ipv6_cidr_blocks": [],
                "prefix_list_ids": [],
                "protocol": "tcp",
                "security_groups": [],
                "self": false,
                "to_port": 8080
              }
            ],
            "name": "mini-project-sg",
            "name_prefix": "",
            "owner_id": "652132383210",
            "region": "ap-south-1",
            "revoke_rules_on_delete": false,
            "tags": {
              "Name": "mini-project-sg"
            },
            "tags_all": {
              "Name": "mini-project-sg"
            },
            "timeouts": null,
            "vpc_id": "vpc-024196e9a21f0dd75"
          },
          "sensitive_attributes": [],
          "identity_schema_version": 0,
          "identity": {
            "account_id": "652132383210",
            "id": "sg-0fdf0c0ab84da509b",
            "region": "ap-south-1"
          },
          "private": "eyJlMmJmYjczMC1lY2FhLTExZTYtOGY4OC0zNDM2M2JjN2M0YzAiOnsiY3JlYXRlIjo2MDAwMDAwMDAwMDAsImRlbGV0ZSI6OTAwMDAwMDAwMDAwfSwic2NoZW1hX3ZlcnNpb24iOiIxIn0=",
          "dependencies": [
            "aws_vpc.main_vpc"
          ]
        }
      ]
    },
    {
      "mode": "managed",
      "type": "aws_subnet",
      "name": "public_subnet",
      "provider": "provider[\"registry.terraform.io/hashicorp/aws\"]",
      "instances": [
        {
          "schema_version": 1,
          "attributes": {
            "arn": "arn:aws:ec2:ap-south-1:652132383210:subnet/subnet-06f7d33fbc3904425",
            "assign_ipv6_address_on_creation": false,
            "availability_zone": "ap-south-1a",
            "availability_zone_id": "aps1-az1",
            "cidr_block": "10.0.1.0/24",
            "customer_owned_ipv4_pool": "",
            "enable_dns64": false,
            "enable_lni_at_device_index": 0,
            "enable_resource_name_dns_a_record_on_launch": false,
            "enable_resource_name_dns_aaaa_record_on_launch": false,
            "id": "subnet-06f7d33fbc3904425",
            "ipv6_cidr_block": "",
            "ipv6_cidr_block_association_id": "",
            "ipv6_native": false,
            "map_customer_owned_ip_on_launch": false,
            "map_public_ip_on_launch": true,
            "outpost_arn": "",
            "owner_id": "652132383210",
            "private_dns_hostname_type_on_launch": "ip-name",
            "region": "ap-south-1",
            "tags": {
              "Name": "mini-project-public-subnet"
            },
            "tags_all": {
              "Name": "mini-project-public-subnet"
            },
            "timeouts": null,
            "vpc_id": "vpc-024196e9a21f0dd75"
          },
          "sensitive_attributes": [],
          "identity_schema_version": 0,
          "identity": {
            "account_id": "652132383210",
            "id": "subnet-06f7d33fbc3904425",
            "region": "ap-south-1"
          },
          "private": "eyJlMmJmYjczMC1lY2FhLTExZTYtOGY4OC0zNDM2M2JjN2M0YzAiOnsiY3JlYXRlIjo2MDAwMDAwMDAwMDAsImRlbGV0ZSI6MTIwMDAwMDAwMDAwMH0sInNjaGVtYV92ZXJzaW9uIjoiMSJ9",
          "dependencies": [
            "aws_vpc.main_vpc"
          ]
        }
      ]
    },
    {
      "mode": "managed",
      "type": "aws_vpc",
      "name": "main_vpc",
      "provider": "provider[\"registry.terraform.io/hashicorp/aws\"]",
      "instances": [
        {
          "schema_version": 1,
          "attributes": {
            "arn": "arn:aws:ec2:ap-south-1:652132383210:vpc/vpc-024196e9a21f0dd75",
            "assign_generated_ipv6_cidr_block": false,
            "cidr_block": "10.0.0.0/16",
            "default_network_acl_id": "acl-036a4d8354c0f007e",
            "default_route_table_id": "rtb-0faf975244bff77da",
            "default_security_group_id": "sg-0109689d5dd9e324e",
            "dhcp_options_id": "dopt-0d5e74aa058c0ce88",
            "enable_dns_hostnames": true,
            "enable_dns_support": true,
            "enable_network_address_usage_metrics": false,
            "id": "vpc-024196e9a21f0dd75",
            "instance_tenancy": "default",
            "ipv4_ipam_pool_id": null,
            "ipv4_netmask_length": null,
            "ipv6_association_id": "",
            "ipv6_cidr_block": "",
            "ipv6_cidr_block_network_border_group": "",
            "ipv6_ipam_pool_id": "",
            "ipv6_netmask_length": 0,
            "main_route_table_id": "rtb-0faf975244bff77da",
            "owner_id": "652132383210",
            "region": "ap-south-1",
            "tags": {
              "Name": "mini-project-vpc"
            },
            "tags_all": {
              "Name": "mini-project-vpc"
            }
          },
          "sensitive_attributes": [],
          "identity_schema_version": 0,
          "identity": {
            "account_id": "652132383210",
            "id": "vpc-024196e9a21f0dd75",
            "region": "ap-south-1"
          },
          "private": "eyJzY2hlbWFfdmVyc2lvbiI6IjEifQ=="
        }
      ]
    }
  ],
  "check_results": null
}
